
Microsoft Visual Studio Solution File, Format Version 12.00
# Visual Studio 15
VisualStudioVersion = 15.0.35319.79
MinimumVisualStudioVersion = 10.0.40219.1
Project("{FAE04EC0-301F-11D3-BF4B-00C04F79EFBC}") = "HelloMVC", "HelloMVC\HelloMVC.csproj", "{16E4ACA4-AE80-4256-B2F0-4E2DC3FE26D2}"
EndProject
Global
	GlobalSection(SolutionConfigurationPlatforms) = preSolution
		Debug|Any CPU = Debug|Any CPU
		Release|Any CPU = Release|Any CPU
	EndGlobalSection
	GlobalSection(ProjectConfigurationPlatforms) = postSolution
		{16E4ACA4-AE80-4256-B2F0-4E2DC3FE26D2}.Debug|Any CPU.ActiveCfg = Debug|Any CPU
		{16E4ACA4-AE80-4256-B2F0-4E2DC3FE26D2}.Debug|Any CPU.Build.0 = Debug|Any CPU
		{16E4ACA4-AE80-4256-B2F0-4E2DC3FE26D2}.Release|Any CPU.ActiveCfg = Release|Any CPU
		{16E4ACA4-AE80-4256-B2F0-4E2DC3FE26D2}.Release|Any CPU.Build.0 = Release|Any CPU
	EndGlobalSection
	GlobalSection(SolutionProperties) = preSolution
		HideSolutionNode = FALSE
	EndGlobalSection
	GlobalSection(ExtensibilityGlobals) = postSolution
		SolutionGuid = {6E05C749-39C4-44A3-8C93-44AACF2218CC}
	EndGlobalSection
EndGlobal
